
Microsoft Visual Studio Solution File, Format Version 12.00
# Visual Studio Version 17
VisualStudioVersion = 17.4.33213.308
MinimumVisualStudioVersion = 10.0.40219.1
Project("{F184B08F-C81C-45F6-A57F-5ABD9991F28F}") = "clase7", "clase7.vbproj", "{71D31776-FE9B-45B8-AE9A-3FAB4A5E7F95}"
EndProject
Global
	GlobalSection(SolutionConfigurationPlatforms) = preSolution
		Debug|Any CPU = Debug|Any CPU
		Release|Any CPU = Release|Any CPU
	EndGlobalSection
	GlobalSection(ProjectConfigurationPlatforms) = postSolution
		{71D31776-FE9B-45B8-AE9A-3FAB4A5E7F95}.Debug|Any CPU.ActiveCfg = Debug|Any CPU
		{71D31776-FE9B-45B8-AE9A-3FAB4A5E7F95}.Debug|Any CPU.Build.0 = Debug|Any CPU
		{71D31776-FE9B-45B8-AE9A-3FAB4A5E7F95}.Release|Any CPU.ActiveCfg = Release|Any CPU
		{71D31776-FE9B-45B8-AE9A-3FAB4A5E7F95}.Release|Any CPU.Build.0 = Release|Any CPU
	EndGlobalSection
	GlobalSection(SolutionProperties) = preSolution
		HideSolutionNode = FALSE
	EndGlobalSection
	GlobalSection(ExtensibilityGlobals) = postSolution
		SolutionGuid = {0F2A5F68-8489-4F86-87D2-C554CCE41DD2}
	EndGlobalSection
EndGlobal
