
Microsoft Visual Studio Solution File, Format Version 12.00
# Visual Studio Version 17
VisualStudioVersion = 17.4.33213.308
MinimumVisualStudioVersion = 10.0.40219.1
Project("{F184B08F-C81C-45F6-A57F-5ABD9991F28F}") = "clase1", "clase1.vbproj", "{49297C09-48C1-4198-9C2C-EF0656D7D983}"
EndProject
Global
	GlobalSection(SolutionConfigurationPlatforms) = preSolution
		Debug|Any CPU = Debug|Any CPU
		Release|Any CPU = Release|Any CPU
	EndGlobalSection
	GlobalSection(ProjectConfigurationPlatforms) = postSolution
		{49297C09-48C1-4198-9C2C-EF0656D7D983}.Debug|Any CPU.ActiveCfg = Debug|Any CPU
		{49297C09-48C1-4198-9C2C-EF0656D7D983}.Debug|Any CPU.Build.0 = Debug|Any CPU
		{49297C09-48C1-4198-9C2C-EF0656D7D983}.Release|Any CPU.ActiveCfg = Release|Any CPU
		{49297C09-48C1-4198-9C2C-EF0656D7D983}.Release|Any CPU.Build.0 = Release|Any CPU
	EndGlobalSection
	GlobalSection(SolutionProperties) = preSolution
		HideSolutionNode = FALSE
	EndGlobalSection
	GlobalSection(ExtensibilityGlobals) = postSolution
		SolutionGuid = {304BC36C-E29B-42C6-BAAC-C19A06F7F0A3}
	EndGlobalSection
EndGlobal
